<?xml version="1.0" encoding="utf-8"?>
<Project ToolsVersion="4.0" xmlns="http://schemas.microsoft.com/developer/msbuild/2003">
  <ItemGroup>
    <Filter Include="KamataEngine">
      <UniqueIdentifier>{4FC737F1-C7A5-4376-A066-2A32D752A2FF}</UniqueIdentifier>
      <Extensions>cpp;c;cc;cxx;c++;cppm;ixx;def;odl;idl;hpj;bat;asm;asmx</Extensions>
    </Filter>
    <Filter Include="KamataEngine\Source">
      <UniqueIdentifier>{d966e9f8-e880-44ae-8586-a08515e4cffc}</UniqueIdentifier>
    </Filter>
    <Filter Include="KamataEngine\Include">
      <UniqueIdentifier>{4aae4e40-94f7-4d32-9a91-c0c37a2edf0d}</UniqueIdentifier>
    </Filter>
    <Filter Include="KamataEngine\Adapter">
      <UniqueIdentifier>{c6468eb4-788b-4a83-b207-a5f4804e56c5}</UniqueIdentifier>
    </Filter>
    <Filter Include="ゲームクラス">
      <UniqueIdentifier>{03c930ac-10e8-4f99-8a01-4a8762c41026}</UniqueIdentifier>
    </Filter>
    <Filter Include="ゲームクラス\プレイヤー">
      <UniqueIdentifier>{0e966e5d-b88a-473b-bbec-067a32cd2204}</UniqueIdentifier>
    </Filter>
    <Filter Include="ゲームクラス\PlayGround">
      <UniqueIdentifier>{33ba277a-46a7-496d-8235-48f3de4e916e}</UniqueIdentifier>
    </Filter>
    <Filter Include="ゲームクラス\枠%28ピース%29">
      <UniqueIdentifier>{101e9258-96ab-40f6-8c2f-48d9bb27c391}</UniqueIdentifier>
    </Filter>
    <Filter Include="PhilliaFunction">
      <UniqueIdentifier>{835a4662-45b0-4b3f-8dc2-b094b48646bc}</UniqueIdentifier>
    </Filter>
    <Filter Include="UI">
      <UniqueIdentifier>{5aa2ffb0-fd0b-4567-b812-c4a5d23d4361}</UniqueIdentifier>
    </Filter>
    <Filter Include="システム">
      <UniqueIdentifier>{d2e819cd-bb17-435f-baf7-c924dcc2a4db}</UniqueIdentifier>
    </Filter>
    <Filter Include="システム\CursorManager">
      <UniqueIdentifier>{b8f6e16b-11c6-4949-9c9e-eff968dde4d0}</UniqueIdentifier>
    </Filter>
    <Filter Include="システム\ResourceManager">
      <UniqueIdentifier>{b3ca8ccf-f1c6-42e3-9a71-741ff29d6bb2}</UniqueIdentifier>
    </Filter>
    <Filter Include="システム\CSV-Loader">
      <UniqueIdentifier>{95f4ebb7-43c0-4203-baf9-fa369854b365}</UniqueIdentifier>
    </Filter>
    <Filter Include="Definitions">
      <UniqueIdentifier>{8f1207ee-92fc-45ca-9a55-6ae3f3324b76}</UniqueIdentifier>
    </Filter>
    <Filter Include="UI\チェックボックス">
      <UniqueIdentifier>{c391f40c-8ce1-43e4-ac1b-848c6bd18fbf}</UniqueIdentifier>
    </Filter>
    <Filter Include="UI\スクロールボックス">
      <UniqueIdentifier>{0d8b7648-992f-48bb-af2e-ea943a4c4179}</UniqueIdentifier>
    </Filter>
    <Filter Include="UI\ボタン">
      <UniqueIdentifier>{79ccd508-3d32-4b91-b7d4-62fbc1f79e29}</UniqueIdentifier>
    </Filter>
    <Filter Include="Tutorial">
      <UniqueIdentifier>{c38c6fee-ac8b-4cf1-a6a3-7fef52c049f4}</UniqueIdentifier>
    </Filter>
    <Filter Include="システム\KeyManager">
      <UniqueIdentifier>{9cc5e55e-0b1a-487a-8c69-adba8c08abf4}</UniqueIdentifier>
    </Filter>
    <Filter Include="ゲームクラス\箱">
      <UniqueIdentifier>{7f44b7ce-22d7-4eed-9cd0-aa5a6878bc5a}</UniqueIdentifier>
    </Filter>
  </ItemGroup>
  <ItemGroup>
    <ClCompile Include="C:\KamataEngine\DirectXGame\base\DirectXCommon.cpp">
      <Filter>KamataEngine\Source</Filter>
    </ClCompile>
    <ClCompile Include="C:\KamataEngine\DirectXGame\base\TextureManager.cpp">
      <Filter>KamataEngine\Source</Filter>
    </ClCompile>
    <ClCompile Include="C:\KamataEngine\DirectXGame\scene\GameScene.cpp">
      <Filter>KamataEngine\Source</Filter>
    </ClCompile>
    <ClCompile Include="C:\KamataEngine\DirectXGame\base\WinApp.cpp">
      <Filter>KamataEngine\Source</Filter>
    </ClCompile>
    <ClCompile Include="main.cpp" />
    <ClCompile Include="C:\KamataEngine\Adapter\Novice.cpp">
      <Filter>KamataEngine\Adapter</Filter>
    </ClCompile>
    <ClCompile Include="C:\KamataEngine\DirectXGame\2d\ImGuiManager.cpp">
      <Filter>KamataEngine</Filter>
    </ClCompile>
    <ClCompile Include="C:\KamataEngine\DirectXGame\base\StringUtility.cpp">
      <Filter>KamataEngine\Source</Filter>
    </ClCompile>
    <ClCompile Include="UI\Button.cpp">
      <Filter>UI\ボタン</Filter>
    </ClCompile>
    <ClCompile Include="UI\Checkbox.cpp">
      <Filter>UI\チェックボックス</Filter>
    </ClCompile>
    <ClCompile Include="CSVLoader.cpp">
      <Filter>システム\CSV-Loader</Filter>
    </ClCompile>
    <ClCompile Include="ResourceManager.cpp">
      <Filter>システム\ResourceManager</Filter>
    </ClCompile>
    <ClCompile Include="PhilliaFunction\Phill.cpp">
      <Filter>PhilliaFunction</Filter>
    </ClCompile>
    <ClCompile Include="PhilliaFunction\PhillEasing.cpp">
      <Filter>PhilliaFunction</Filter>
    </ClCompile>
    <ClCompile Include="PhilliaFunction\TCPIP.cpp">
      <Filter>PhilliaFunction</Filter>
    </ClCompile>
    <ClCompile Include="UI\UI_ToolKit.cpp">
      <Filter>UI</Filter>
    </ClCompile>
    <ClCompile Include="UI\Slider.cpp">
      <Filter>UI\スクロールボックス</Filter>
    </ClCompile>
    <ClCompile Include="playground.cpp">
      <Filter>ゲームクラス\PlayGround</Filter>
    </ClCompile>
    <ClCompile Include="CursorManager.cpp">
      <Filter>システム\CursorManager</Filter>
    </ClCompile>
    <ClCompile Include="piece.cpp">
      <Filter>ゲームクラス\枠%28ピース%29</Filter>
    </ClCompile>
    <ClCompile Include="Tutorial.cpp">
      <Filter>Tutorial</Filter>
    </ClCompile>
    <ClCompile Include="player.cpp">
      <Filter>ゲームクラス\プレイヤー</Filter>
    </ClCompile>
    <ClCompile Include="KeyManager.cpp">
      <Filter>システム\KeyManager</Filter>
    </ClCompile>
    <ClCompile Include="player.cpp">
      <Filter>KamataEngine</Filter>
    </ClCompile>
    <ClCompile Include="box.cpp">
      <Filter>ゲームクラス\箱</Filter>
    </ClCompile>
  </ItemGroup>
  <ItemGroup>
    <ClInclude Include="C:\KamataEngine\DirectXGame\audio\Audio.h">
      <Filter>KamataEngine\Include</Filter>
    </ClInclude>
    <ClInclude Include="C:\KamataEngine\DirectXGame\2d\DebugText.h">
      <Filter>KamataEngine\Include</Filter>
    </ClInclude>
    <ClInclude Include="C:\KamataEngine\DirectXGame\base\DirectXCommon.h">
      <Filter>KamataEngine\Include</Filter>
    </ClInclude>
    <ClInclude Include="C:\KamataEngine\DirectXGame\scene\GameScene.h">
      <Filter>KamataEngine\Include</Filter>
    </ClInclude>
    <ClInclude Include="C:\KamataEngine\DirectXGame\input\Input.h">
      <Filter>KamataEngine\Include</Filter>
    </ClInclude>
    <ClInclude Include="C:\KamataEngine\DirectXGame\3d\Model.h">
      <Filter>KamataEngine\Include</Filter>
    </ClInclude>
    <ClInclude Include="C:\KamataEngine\DirectXGame\base\SafeDelete.h">
      <Filter>KamataEngine\Include</Filter>
    </ClInclude>
    <ClInclude Include="C:\KamataEngine\DirectXGame\2d\Sprite.h">
      <Filter>KamataEngine\Include</Filter>
    </ClInclude>
    <ClInclude Include="C:\KamataEngine\DirectXGame\base\TextureManager.h">
      <Filter>KamataEngine\Include</Filter>
    </ClInclude>
    <ClInclude Include="C:\KamataEngine\DirectXGame\3d\ViewProjection.h">
      <Filter>KamataEngine\Include</Filter>
    </ClInclude>
    <ClInclude Include="C:\KamataEngine\DirectXGame\base\WinApp.h">
      <Filter>KamataEngine\Include</Filter>
    </ClInclude>
    <ClInclude Include="C:\KamataEngine\DirectXGame\3d\WorldTransform.h">
      <Filter>KamataEngine\Include</Filter>
    </ClInclude>
    <ClInclude Include="C:\KamataEngine\Adapter\Novice.h">
      <Filter>KamataEngine\Adapter</Filter>
    </ClInclude>
    <ClInclude Include="C:\KamataEngine\DirectXGame\3d\CircleShadow.h">
      <Filter>KamataEngine\Include</Filter>
    </ClInclude>
    <ClInclude Include="C:\KamataEngine\DirectXGame\3d\DebugCamera.h">
      <Filter>KamataEngine\Include</Filter>
    </ClInclude>
    <ClInclude Include="C:\KamataEngine\DirectXGame\3d\DirectionalLight.h">
      <Filter>KamataEngine\Include</Filter>
    </ClInclude>
    <ClInclude Include="C:\KamataEngine\DirectXGame\3d\LightGroup.h">
      <Filter>KamataEngine\Include</Filter>
    </ClInclude>
    <ClInclude Include="C:\KamataEngine\DirectXGame\3d\Material.h">
      <Filter>KamataEngine\Include</Filter>
    </ClInclude>
    <ClInclude Include="C:\KamataEngine\DirectXGame\3d\Mesh.h">
      <Filter>KamataEngine\Include</Filter>
    </ClInclude>
    <ClInclude Include="C:\KamataEngine\DirectXGame\3d\PointLight.h">
      <Filter>KamataEngine\Include</Filter>
    </ClInclude>
    <ClInclude Include="C:\KamataEngine\DirectXGame\3d\SpotLight.h">
      <Filter>KamataEngine\Include</Filter>
    </ClInclude>
    <ClInclude Include="C:\KamataEngine\DirectXGame\2d\ImGuiManager.h" />
    <ClInclude Include="C:\KamataEngine\DirectXGame\base\StringUtility.h">
      <Filter>KamataEngine\Include</Filter>
    </ClInclude>
    <ClInclude Include="ResourceManager.h">
      <Filter>システム\ResourceManager</Filter>
    </ClInclude>
    <ClInclude Include="UI\Button.h">
      <Filter>UI\ボタン</Filter>
    </ClInclude>
    <ClInclude Include="UI\Checkbox.h">
      <Filter>UI\チェックボックス</Filter>
    </ClInclude>
    <ClInclude Include="definition.h">
      <Filter>Definitions</Filter>
    </ClInclude>
    <ClInclude Include="CSVLoader.h">
      <Filter>システム\CSV-Loader</Filter>
    </ClInclude>
    <ClInclude Include="CursorManager.h">
      <Filter>システム\CursorManager</Filter>
    </ClInclude>
    <ClInclude Include="intVec2.h">
      <Filter>Definitions</Filter>
    </ClInclude>
    <ClInclude Include="PhilliaFunction\Phill.h">
      <Filter>PhilliaFunction</Filter>
    </ClInclude>
    <ClInclude Include="piece.h">
      <Filter>ゲームクラス\枠%28ピース%29</Filter>
    </ClInclude>
    <ClInclude Include="player.h">
      <Filter>ゲームクラス\プレイヤー</Filter>
    </ClInclude>
    <ClInclude Include="playground.h">
      <Filter>ゲームクラス\PlayGround</Filter>
    </ClInclude>
    <ClInclude Include="UI\Slider.h">
      <Filter>UI\スクロールボックス</Filter>
    </ClInclude>
    <ClInclude Include="UI\UI_ToolKit.h">
      <Filter>UI</Filter>
    </ClInclude>
    <ClInclude Include="UI\UI_ToolKit_Defines.h">
      <Filter>UI</Filter>
    </ClInclude>
    <ClInclude Include="C:\KamataEngine\DirectXGame\math\Matrix4x4.h">
      <Filter>Definitions</Filter>
    </ClInclude>
    <ClInclude Include="C:\KamataEngine\DirectXGame\math\Vector2.h">
      <Filter>Definitions</Filter>
    </ClInclude>
    <ClInclude Include="C:\KamataEngine\DirectXGame\math\Vector3.h">
      <Filter>Definitions</Filter>
    </ClInclude>
    <ClInclude Include="C:\KamataEngine\DirectXGame\math\Vector4.h">
      <Filter>Definitions</Filter>
    </ClInclude>
    <ClInclude Include="Tutorial.h">
      <Filter>Tutorial</Filter>
    </ClInclude>
    <ClInclude Include="KeyManager.h">
      <Filter>システム\KeyManager</Filter>
    </ClInclude>
    <ClInclude Include="box.h">
      <Filter>ゲームクラス\箱</Filter>
    </ClInclude>
  </ItemGroup>
</Project>